
Microsoft Visual Studio Solution File, Format Version 12.00
# Visual Studio Version 16
VisualStudioVersion = 16.0.30320.27
MinimumVisualStudioVersion = 10.0.40219.1
Project("{FAE04EC0-301F-11D3-BF4B-00C04F79EFBC}") = "ConsoleAppDapper", "ConsoleAppDapper\ConsoleAppDapper.csproj", "{641B8987-45E0-49B0-930B-A8387D08AA4E}"
EndProject
Project("{FAE04EC0-301F-11D3-BF4B-00C04F79EFBC}") = "FstDapper", "FstDapper\FstDapper.csproj", "{1187176C-AA74-4A27-84BF-486714DB6482}"
EndProject
Global
	GlobalSection(SolutionConfigurationPlatforms) = preSolution
		Debug|Any CPU = Debug|Any CPU
		Release|Any CPU = Release|Any CPU
	EndGlobalSection
	GlobalSection(ProjectConfigurationPlatforms) = postSolution
		{641B8987-45E0-49B0-930B-A8387D08AA4E}.Debug|Any CPU.ActiveCfg = Debug|Any CPU
		{641B8987-45E0-49B0-930B-A8387D08AA4E}.Debug|Any CPU.Build.0 = Debug|Any CPU
		{641B8987-45E0-49B0-930B-A8387D08AA4E}.Release|Any CPU.ActiveCfg = Release|Any CPU
		{641B8987-45E0-49B0-930B-A8387D08AA4E}.Release|Any CPU.Build.0 = Release|Any CPU
		{1187176C-AA74-4A27-84BF-486714DB6482}.Debug|Any CPU.ActiveCfg = Debug|Any CPU
		{1187176C-AA74-4A27-84BF-486714DB6482}.Debug|Any CPU.Build.0 = Debug|Any CPU
		{1187176C-AA74-4A27-84BF-486714DB6482}.Release|Any CPU.ActiveCfg = Release|Any CPU
		{1187176C-AA74-4A27-84BF-486714DB6482}.Release|Any CPU.Build.0 = Release|Any CPU
	EndGlobalSection
	GlobalSection(SolutionProperties) = preSolution
		HideSolutionNode = FALSE
	EndGlobalSection
	GlobalSection(ExtensibilityGlobals) = postSolution
		SolutionGuid = {87F950DD-7EE4-48DB-8133-351E2EC7581A}
	EndGlobalSection
EndGlobal
